
Microsoft Visual Studio Solution File, Format Version 12.00
# Visual Studio Version 16
VisualStudioVersion = 16.0.29709.97
MinimumVisualStudioVersion = 10.0.40219.1
Project("{FAE04EC0-301F-11D3-BF4B-00C04F79EFBC}") = "Social.NetWork.WEB", "Social.NetWork.WEB\Social.NetWork.WEB.csproj", "{5D91EAAB-0AD1-45F9-8DE2-6C39B4AB7228}"
EndProject
Project("{FAE04EC0-301F-11D3-BF4B-00C04F79EFBC}") = "Social.NetWork.DAL", "Social.NetWork.DAL\Social.NetWork.DAL.csproj", "{4766C28F-AF85-4B27-972B-7455A66AD107}"
EndProject
Project("{FAE04EC0-301F-11D3-BF4B-00C04F79EFBC}") = "Social.NetWork.BLL", "Social.NetWork.BLL\Social.NetWork.BLL.csproj", "{F6A39290-D88A-400A-BB1B-FE51912CBEC0}"
EndProject
Global
	GlobalSection(SolutionConfigurationPlatforms) = preSolution
		Debug|Any CPU = Debug|Any CPU
		Release|Any CPU = Release|Any CPU
	EndGlobalSection
	GlobalSection(ProjectConfigurationPlatforms) = postSolution
		{5D91EAAB-0AD1-45F9-8DE2-6C39B4AB7228}.Debug|Any CPU.ActiveCfg = Debug|Any CPU
		{5D91EAAB-0AD1-45F9-8DE2-6C39B4AB7228}.Debug|Any CPU.Build.0 = Debug|Any CPU
		{5D91EAAB-0AD1-45F9-8DE2-6C39B4AB7228}.Release|Any CPU.ActiveCfg = Release|Any CPU
		{5D91EAAB-0AD1-45F9-8DE2-6C39B4AB7228}.Release|Any CPU.Build.0 = Release|Any CPU
		{4766C28F-AF85-4B27-972B-7455A66AD107}.Debug|Any CPU.ActiveCfg = Debug|Any CPU
		{4766C28F-AF85-4B27-972B-7455A66AD107}.Debug|Any CPU.Build.0 = Debug|Any CPU
		{4766C28F-AF85-4B27-972B-7455A66AD107}.Release|Any CPU.ActiveCfg = Release|Any CPU
		{4766C28F-AF85-4B27-972B-7455A66AD107}.Release|Any CPU.Build.0 = Release|Any CPU
		{F6A39290-D88A-400A-BB1B-FE51912CBEC0}.Debug|Any CPU.ActiveCfg = Debug|Any CPU
		{F6A39290-D88A-400A-BB1B-FE51912CBEC0}.Debug|Any CPU.Build.0 = Debug|Any CPU
		{F6A39290-D88A-400A-BB1B-FE51912CBEC0}.Release|Any CPU.ActiveCfg = Release|Any CPU
		{F6A39290-D88A-400A-BB1B-FE51912CBEC0}.Release|Any CPU.Build.0 = Release|Any CPU
	EndGlobalSection
	GlobalSection(SolutionProperties) = preSolution
		HideSolutionNode = FALSE
	EndGlobalSection
	GlobalSection(ExtensibilityGlobals) = postSolution
		SolutionGuid = {ACF20674-540F-4425-BFFD-DA95AB344184}
	EndGlobalSection
EndGlobal
